// !$*UTF8*$!
{
	archiveVersion = 1;
	classes = {
	};
	objectVersion = 55;
	objects = {

/* Begin PBXBuildFile section */
		0058C3DC26FB3930004D23A8 /* plantData.json in Resources */ = {isa = PBXBuildFile; fileRef = 0058C3DB26FB3930004D23A8 /* plantData.json */; };
		0058C3DE26FB6A87004D23A8 /* PlantImage.swift in Sources */ = {isa = PBXBuildFile; fileRef = 0058C3DD26FB6A87004D23A8 /* PlantImage.swift */; };
		0058C3E026FB6BA8004D23A8 /* MapView.swift in Sources */ = {isa = PBXBuildFile; fileRef = 0058C3DF26FB6BA8004D23A8 /* MapView.swift */; };
		0058C3E226FD8711004D23A8 /* Plant.swift in Sources */ = {isa = PBXBuildFile; fileRef = 0058C3E126FD8711004D23A8 /* Plant.swift */; };
		0058C3E426FD8A76004D23A8 /* ModelData.swift in Sources */ = {isa = PBXBuildFile; fileRef = 0058C3E326FD8A76004D23A8 /* ModelData.swift */; };
		0058C3E826FD9065004D23A8 /* PlantRow.swift in Sources */ = {isa = PBXBuildFile; fileRef = 0058C3E726FD9065004D23A8 /* PlantRow.swift */; };
		0058C3EA26FDAFB3004D23A8 /* PlantsList.swift in Sources */ = {isa = PBXBuildFile; fileRef = 0058C3E926FDAFB3004D23A8 /* PlantsList.swift */; };
		0058C3EC26FDB2AE004D23A8 /* PlantDetail.swift in Sources */ = {isa = PBXBuildFile; fileRef = 0058C3EB26FDB2AE004D23A8 /* PlantDetail.swift */; };
		005DC3C026FB2F0500766CD3 /* hamuApp.swift in Sources */ = {isa = PBXBuildFile; fileRef = 005DC3BF26FB2F0500766CD3 /* hamuApp.swift */; };
		005DC3C226FB2F0500766CD3 /* ContentView.swift in Sources */ = {isa = PBXBuildFile; fileRef = 005DC3C126FB2F0500766CD3 /* ContentView.swift */; };
		005DC3C426FB2F0700766CD3 /* Assets.xcassets in Resources */ = {isa = PBXBuildFile; fileRef = 005DC3C326FB2F0700766CD3 /* Assets.xcassets */; };
		005DC3C726FB2F0700766CD3 /* Preview Assets.xcassets in Resources */ = {isa = PBXBuildFile; fileRef = 005DC3C626FB2F0700766CD3 /* Preview Assets.xcassets */; };
/* End PBXBuildFile section */

/* Begin PBXFileReference section */
		0058C3DB26FB3930004D23A8 /* plantData.json */ = {isa = PBXFileReference; lastKnownFileType = text.json; path = plantData.json; sourceTree = "<group>"; };
		0058C3DD26FB6A87004D23A8 /* PlantImage.swift */ = {isa = PBXFileReference; lastKnownFileType = sourcecode.swift; path = PlantImage.swift; sourceTree = "<group>"; };
		0058C3DF26FB6BA8004D23A8 /* MapView.swift */ = {isa = PBXFileReference; lastKnownFileType = sourcecode.swift; path = MapView.swift; sourceTree = "<group>"; };
		0058C3E126FD8711004D23A8 /* Plant.swift */ = {isa = PBXFileReference; lastKnownFileType = sourcecode.swift; path = Plant.swift; sourceTree = "<group>"; };
		0058C3E326FD8A76004D23A8 /* ModelData.swift */ = {isa = PBXFileReference; lastKnownFileType = sourcecode.swift; path = ModelData.swift; sourceTree = "<group>"; };
		0058C3E726FD9065004D23A8 /* PlantRow.swift */ = {isa = PBXFileReference; lastKnownFileType = sourcecode.swift; path = PlantRow.swift; sourceTree = "<group>"; };
		0058C3E926FDAFB3004D23A8 /* PlantsList.swift */ = {isa = PBXFileReference; lastKnownFileType = sourcecode.swift; path = PlantsList.swift; sourceTree = "<group>"; };
		0058C3EB26FDB2AE004D23A8 /* PlantDetail.swift */ = {isa = PBXFileReference; lastKnownFileType = sourcecode.swift; path = PlantDetail.swift; sourceTree = "<group>"; };
		005DC3BC26FB2F0500766CD3 /* hamu.app */ = {isa = PBXFileReference; explicitFileType = wrapper.application; includeInIndex = 0; path = hamu.app; sourceTree = BUILT_PRODUCTS_DIR; };
		005DC3BF26FB2F0500766CD3 /* hamuApp.swift */ = {isa = PBXFileReference; lastKnownFileType = sourcecode.swift; path = hamuApp.swift; sourceTree = "<group>"; };
		005DC3C126FB2F0500766CD3 /* ContentView.swift */ = {isa = PBXFileReference; lastKnownFileType = sourcecode.swift; path = ContentView.swift; sourceTree = "<group>"; };
		005DC3C326FB2F0700766CD3 /* Assets.xcassets */ = {isa = PBXFileReference; lastKnownFileType = folder.assetcatalog; path = Assets.xcassets; sourceTree = "<group>"; };
		005DC3C626FB2F0700766CD3 /* Preview Assets.xcassets */ = {isa = PBXFileReference; lastKnownFileType = folder.assetcatalog; path = "Preview Assets.xcassets"; sourceTree = "<group>"; };
/* End PBXFileReference section */

/* Begin PBXFrameworksBuildPhase section */
		005DC3B926FB2F0500766CD3 /* Frameworks */ = {
			isa = PBXFrameworksBuildPhase;
			buildActionMask = 2147483647;
			files = (
			);
			runOnlyForDeploymentPostprocessing = 0;
		};
/* End PBXFrameworksBuildPhase section */

/* Begin PBXGroup section */
		0058C3D826FB3796004D23A8 /* Resources */ = {
			isa = PBXGroup;
			children = (
				0058C3DB26FB3930004D23A8 /* plantData.json */,
			);
			path = Resources;
			sourceTree = "<group>";
		};
		0058C3E526FD8AE6004D23A8 /* Views */ = {
			isa = PBXGroup;
			children = (
				0058C3DF26FB6BA8004D23A8 /* MapView.swift */,
				005DC3C126FB2F0500766CD3 /* ContentView.swift */,
				0058C3DD26FB6A87004D23A8 /* PlantImage.swift */,
				0058C3E726FD9065004D23A8 /* PlantRow.swift */,
				0058C3E926FDAFB3004D23A8 /* PlantsList.swift */,
				0058C3EB26FDB2AE004D23A8 /* PlantDetail.swift */,
			);
			path = Views;
			sourceTree = "<group>";
		};
		0058C3E626FD8B3B004D23A8 /* Model */ = {
			isa = PBXGroup;
			children = (
				0058C3E326FD8A76004D23A8 /* ModelData.swift */,
				0058C3E126FD8711004D23A8 /* Plant.swift */,
			);
			path = Model;
			sourceTree = "<group>";
		};
		005DC3B326FB2F0500766CD3 = {
			isa = PBXGroup;
			children = (
				005DC3BE26FB2F0500766CD3 /* hamu */,
				005DC3BD26FB2F0500766CD3 /* Products */,
			);
			sourceTree = "<group>";
		};
		005DC3BD26FB2F0500766CD3 /* Products */ = {
			isa = PBXGroup;
			children = (
				005DC3BC26FB2F0500766CD3 /* hamu.app */,
			);
			name = Products;
			sourceTree = "<group>";
		};
		005DC3BE26FB2F0500766CD3 /* hamu */ = {
			isa = PBXGroup;
			children = (
				0058C3E626FD8B3B004D23A8 /* Model */,
				0058C3E526FD8AE6004D23A8 /* Views */,
				0058C3D826FB3796004D23A8 /* Resources */,
				005DC3BF26FB2F0500766CD3 /* hamuApp.swift */,
				005DC3C326FB2F0700766CD3 /* Assets.xcassets */,
				005DC3C526FB2F0700766CD3 /* Preview Content */,
			);
			path = hamu;
			sourceTree = "<group>";
		};
		005DC3C526FB2F0700766CD3 /* Preview Content */ = {
			isa = PBXGroup;
			children = (
				005DC3C626FB2F0700766CD3 /* Preview Assets.xcassets */,
			);
			path = "Preview Content";
			sourceTree = "<group>";
		};
/* End PBXGroup section */

/* Begin PBXNativeTarget section */
		005DC3BB26FB2F0500766CD3 /* hamu */ = {
			isa = PBXNativeTarget;
			buildConfigurationList = 005DC3CA26FB2F0700766CD3 /* Build configuration list for PBXNativeTarget "hamu" */;
			buildPhases = (
				005DC3B826FB2F0500766CD3 /* Sources */,
				005DC3B926FB2F0500766CD3 /* Frameworks */,
				005DC3BA26FB2F0500766CD3 /* Resources */,
			);
			buildRules = (
			);
			dependencies = (
			);
			name = hamu;
			productName = hamu;
			productReference = 005DC3BC26FB2F0500766CD3 /* hamu.app */;
			productType = "com.apple.product-type.application";
		};
/* End PBXNativeTarget section */

/* Begin PBXProject section */
		005DC3B426FB2F0500766CD3 /* Project object */ = {
			isa = PBXProject;
			attributes = {
				BuildIndependentTargetsInParallel = 1;
				LastSwiftUpdateCheck = 1300;
				LastUpgradeCheck = 1300;
				TargetAttributes = {
					005DC3BB26FB2F0500766CD3 = {
						CreatedOnToolsVersion = 13.0;
					};
				};
			};
			buildConfigurationList = 005DC3B726FB2F0500766CD3 /* Build configuration list for PBXProject "hamu" */;
			compatibilityVersion = "Xcode 13.0";
			developmentRegion = en;
			hasScannedForEncodings = 0;
			knownRegions = (
				en,
				Base,
			);
			mainGroup = 005DC3B326FB2F0500766CD3;
			productRefGroup = 005DC3BD26FB2F0500766CD3 /* Products */;
			projectDirPath = "";
			projectRoot = "";
			targets = (
				005DC3BB26FB2F0500766CD3 /* hamu */,
			);
		};
/* End PBXProject section */

/* Begin PBXResourcesBuildPhase section */
		005DC3BA26FB2F0500766CD3 /* Resources */ = {
			isa = PBXResourcesBuildPhase;
			buildActionMask = 2147483647;
			files = (
				0058C3DC26FB3930004D23A8 /* plantData.json in Resources */,
				005DC3C726FB2F0700766CD3 /* Preview Assets.xcassets in Resources */,
				005DC3C426FB2F0700766CD3 /* Assets.xcassets in Resources */,
			);
			runOnlyForDeploymentPostprocessing = 0;
		};
/* End PBXResourcesBuildPhase section */

/* Begin PBXSourcesBuildPhase section */
		005DC3B826FB2F0500766CD3 /* Sources */ = {
			isa = PBXSourcesBuildPhase;
			buildActionMask = 2147483647;
			files = (
				005DC3C226FB2F0500766CD3 /* ContentView.swift in Sources */,
				0058C3EA26FDAFB3004D23A8 /* PlantsList.swift in Sources */,
				0058C3E026FB6BA8004D23A8 /* MapView.swift in Sources */,
				0058C3E826FD9065004D23A8 /* PlantRow.swift in Sources */,
				0058C3E226FD8711004D23A8 /* Plant.swift in Sources */,
				005DC3C026FB2F0500766CD3 /* hamuApp.swift in Sources */,
				0058C3EC26FDB2AE004D23A8 /* PlantDetail.swift in Sources */,
				0058C3DE26FB6A87004D23A8 /* PlantImage.swift in Sources */,
				0058C3E426FD8A76004D23A8 /* ModelData.swift in Sources */,
			);
			runOnlyForDeploymentPostprocessing = 0;
		};
/* End PBXSourcesBuildPhase section */

/* Begin XCBuildConfiguration section */
		005DC3C826FB2F0700766CD3 /* Debug */ = {
			isa = XCBuildConfiguration;
			buildSettings = {
				ALWAYS_SEARCH_USER_PATHS = NO;
				CLANG_ANALYZER_NONNULL = YES;
				CLANG_ANALYZER_NUMBER_OBJECT_CONVERSION = YES_AGGRESSIVE;
				CLANG_CXX_LANGUAGE_STANDARD = "gnu++17";
				CLANG_CXX_LIBRARY = "libc++";
				CLANG_ENABLE_MODULES = YES;
				CLANG_ENABLE_OBJC_ARC = YES;
				CLANG_ENABLE_OBJC_WEAK = YES;
				CLANG_WARN_BLOCK_CAPTURE_AUTORELEASING = YES;
				CLANG_WARN_BOOL_CONVERSION = YES;
				CLANG_WARN_COMMA = YES;
				CLANG_WARN_CONSTANT_CONVERSION = YES;
				CLANG_WARN_DEPRECATED_OBJC_IMPLEMENTATIONS = YES;
				CLANG_WARN_DIRECT_OBJC_ISA_USAGE = YES_ERROR;
				CLANG_WARN_DOCUMENTATION_COMMENTS = YES;
				CLANG_WARN_EMPTY_BODY = YES;
				CLANG_WARN_ENUM_CONVERSION = YES;
				CLANG_WARN_INFINITE_RECURSION = YES;
				CLANG_WARN_INT_CONVERSION = YES;
				CLANG_WARN_NON_LITERAL_NULL_CONVERSION = YES;
				CLANG_WARN_OBJC_IMPLICIT_RETAIN_SELF = YES;
				CLANG_WARN_OBJC_LITERAL_CONVERSION = YES;
				CLANG_WARN_OBJC_ROOT_CLASS = YES_ERROR;
				CLANG_WARN_QUOTED_INCLUDE_IN_FRAMEWORK_HEADER = YES;
				CLANG_WARN_RANGE_LOOP_ANALYSIS = YES;
				CLANG_WARN_STRICT_PROTOTYPES = YES;
				CLANG_WARN_SUSPICIOUS_MOVE = YES;
				CLANG_WARN_UNGUARDED_AVAILABILITY = YES_AGGRESSIVE;
				CLANG_WARN_UNREACHABLE_CODE = YES;
				CLANG_WARN__DUPLICATE_METHOD_MATCH = YES;
				COPY_PHASE_STRIP = NO;
				DEBUG_INFORMATION_FORMAT = dwarf;
				ENABLE_STRICT_OBJC_MSGSEND = YES;
				ENABLE_TESTABILITY = YES;
				GCC_C_LANGUAGE_STANDARD = gnu11;
				GCC_DYNAMIC_NO_PIC = NO;
				GCC_NO_COMMON_BLOCKS = YES;
				GCC_OPTIMIZATION_LEVEL = 0;
				GCC_PREPROCESSOR_DEFINITIONS = (
					"DEBUG=1",
					"$(inherited)",
				);
				GCC_WARN_64_TO_32_BIT_CONVERSION = YES;
				GCC_WARN_ABOUT_RETURN_TYPE = YES_ERROR;
				GCC_WARN_UNDECLARED_SELECTOR = YES;
				GCC_WARN_UNINITIALIZED_AUTOS = YES_AGGRESSIVE;
				GCC_WARN_UNUSED_FUNCTION = YES;
				GCC_WARN_UNUSED_VARIABLE = YES;
				IPHONEOS_DEPLOYMENT_TARGET = 15.0;
				MTL_ENABLE_DEBUG_INFO = INCLUDE_SOURCE;
				MTL_FAST_MATH = YES;
				ONLY_ACTIVE_ARCH = YES;
				SDKROOT = iphoneos;
				SWIFT_ACTIVE_COMPILATION_CONDITIONS = DEBUG;
				SWIFT_OPTIMIZATION_LEVEL = "-Onone";
			};
			name = Debug;
		};
		005DC3C926FB2F0700766CD3 /* Release */ = {
			isa = XCBuildConfiguration;
			buildSettings = {
				ALWAYS_SEARCH_USER_PATHS = NO;
				CLANG_ANALYZER_NONNULL = YES;
				CLANG_ANALYZER_NUMBER_OBJECT_CONVERSION = YES_AGGRESSIVE;
				CLANG_CXX_LANGUAGE_STANDARD = "gnu++17";
				CLANG_CXX_LIBRARY = "libc++";
				CLANG_ENABLE_MODULES = YES;
				CLANG_ENABLE_OBJC_ARC = YES;
				CLANG_ENABLE_OBJC_WEAK = YES;
				CLANG_WARN_BLOCK_CAPTURE_AUTORELEASING = YES;
				CLANG_WARN_BOOL_CONVERSION = YES;
				CLANG_WARN_COMMA = YES;
				CLANG_WARN_CONSTANT_CONVERSION = YES;
				CLANG_WARN_DEPRECATED_OBJC_IMPLEMENTATIONS = YES;
				CLANG_WARN_DIRECT_OBJC_ISA_USAGE = YES_ERROR;
				CLANG_WARN_DOCUMENTATION_COMMENTS = YES;
				CLANG_WARN_EMPTY_BODY = YES;
				CLANG_WARN_ENUM_CONVERSION = YES;
				CLANG_WARN_INFINITE_RECURSION = YES;
				CLANG_WARN_INT_CONVERSION = YES;
				CLANG_WARN_NON_LITERAL_NULL_CONVERSION = YES;
				CLANG_WARN_OBJC_IMPLICIT_RETAIN_SELF = YES;
				CLANG_WARN_OBJC_LITERAL_CONVERSION = YES;
				CLANG_WARN_OBJC_ROOT_CLASS = YES_ERROR;
				CLANG_WARN_QUOTED_INCLUDE_IN_FRAMEWORK_HEADER = YES;
				CLANG_WARN_RANGE_LOOP_ANALYSIS = YES;
				CLANG_WARN_STRICT_PROTOTYPES = YES;
				CLANG_WARN_SUSPICIOUS_MOVE = YES;
				CLANG_WARN_UNGUARDED_AVAILABILITY = YES_AGGRESSIVE;
				CLANG_WARN_UNREACHABLE_CODE = YES;
				CLANG_WARN__DUPLICATE_METHOD_MATCH = YES;
				COPY_PHASE_STRIP = NO;
				DEBUG_INFORMATION_FORMAT = "dwarf-with-dsym";
				ENABLE_NS_ASSERTIONS = NO;
				ENABLE_STRICT_OBJC_MSGSEND = YES;
				GCC_C_LANGUAGE_STANDARD = gnu11;
				GCC_NO_COMMON_BLOCKS = YES;
				GCC_WARN_64_TO_32_BIT_CONVERSION = YES;
				GCC_WARN_ABOUT_RETURN_TYPE = YES_ERROR;
				GCC_WARN_UNDECLARED_SELECTOR = YES;
				GCC_WARN_UNINITIALIZED_AUTOS = YES_AGGRESSIVE;
				GCC_WARN_UNUSED_FUNCTION = YES;
				GCC_WARN_UNUSED_VARIABLE = YES;
				IPHONEOS_DEPLOYMENT_TARGET = 15.0;
				MTL_ENABLE_DEBUG_INFO = NO;
				MTL_FAST_MATH = YES;
				SDKROOT = iphoneos;
				SWIFT_COMPILATION_MODE = wholemodule;
				SWIFT_OPTIMIZATION_LEVEL = "-O";
				VALIDATE_PRODUCT = YES;
			};
			name = Release;
		};
		005DC3CB26FB2F0700766CD3 /* Debug */ = {
			isa = XCBuildConfiguration;
			buildSettings = {
				ASSETCATALOG_COMPILER_APPICON_NAME = AppIcon;
				ASSETCATALOG_COMPILER_GLOBAL_ACCENT_COLOR_NAME = AccentColor;
				CODE_SIGN_STYLE = Automatic;
				CURRENT_PROJECT_VERSION = 1;
				DEVELOPMENT_ASSET_PATHS = "\"hamu/Preview Content\"";
				ENABLE_PREVIEWS = YES;
				GENERATE_INFOPLIST_FILE = YES;
				INFOPLIST_KEY_UIApplicationSceneManifest_Generation = YES;
				INFOPLIST_KEY_UIApplicationSupportsIndirectInputEvents = YES;
				INFOPLIST_KEY_UILaunchScreen_Generation = YES;
				INFOPLIST_KEY_UISupportedInterfaceOrientations_iPad = "UIInterfaceOrientationPortrait UIInterfaceOrientationPortraitUpsideDown UIInterfaceOrientationLandscapeLeft UIInterfaceOrientationLandscapeRight";
				INFOPLIST_KEY_UISupportedInterfaceOrientations_iPhone = "UIInterfaceOrientationPortrait UIInterfaceOrientationLandscapeLeft UIInterfaceOrientationLandscapeRight";
				IPHONEOS_DEPLOYMENT_TARGET = 14.0;
				LD_RUNPATH_SEARCH_PATHS = (
					"$(inherited)",
					"@executable_path/Frameworks",
				);
				MARKETING_VERSION = 1.0;
				PRODUCT_BUNDLE_IDENTIFIER = cdyas.hamu;
				PRODUCT_NAME = "$(TARGET_NAME)";
				SWIFT_EMIT_LOC_STRINGS = YES;
				SWIFT_VERSION = 5.0;
				TARGETED_DEVICE_FAMILY = "1,2";
			};
			name = Debug;
		};
		005DC3CC26FB2F0700766CD3 /* Release */ = {
			isa = XCBuildConfiguration;
			buildSettings = {
				ASSETCATALOG_COMPILER_APPICON_NAME = AppIcon;
				ASSETCATALOG_COMPILER_GLOBAL_ACCENT_COLOR_NAME = AccentColor;
				CODE_SIGN_STYLE = Automatic;
				CURRENT_PROJECT_VERSION = 1;
				DEVELOPMENT_ASSET_PATHS = "\"hamu/Preview Content\"";
				ENABLE_PREVIEWS = YES;
				GENERATE_INFOPLIST_FILE = YES;
				INFOPLIST_KEY_UIApplicationSceneManifest_Generation = YES;
				INFOPLIST_KEY_UIApplicationSupportsIndirectInputEvents = YES;
				INFOPLIST_KEY_UILaunchScreen_Generation = YES;
				INFOPLIST_KEY_UISupportedInterfaceOrientations_iPad = "UIInterfaceOrientationPortrait UIInterfaceOrientationPortraitUpsideDown UIInterfaceOrientationLandscapeLeft UIInterfaceOrientationLandscapeRight";
				INFOPLIST_KEY_UISupportedInterfaceOrientations_iPhone = "UIInterfaceOrientationPortrait UIInterfaceOrientationLandscapeLeft UIInterfaceOrientationLandscapeRight";
				IPHONEOS_DEPLOYMENT_TARGET = 14.0;
				LD_RUNPATH_SEARCH_PATHS = (
					"$(inherited)",
					"@executable_path/Frameworks",
				);
				MARKETING_VERSION = 1.0;
				PRODUCT_BUNDLE_IDENTIFIER = cdyas.hamu;
				PRODUCT_NAME = "$(TARGET_NAME)";
				SWIFT_EMIT_LOC_STRINGS = YES;
				SWIFT_VERSION = 5.0;
				TARGETED_DEVICE_FAMILY = "1,2";
			};
			name = Release;
		};
/* End XCBuildConfiguration section */

/* Begin XCConfigurationList section */
		005DC3B726FB2F0500766CD3 /* Build configuration list for PBXProject "hamu" */ = {
			isa = XCConfigurationList;
			buildConfigurations = (
				005DC3C826FB2F0700766CD3 /* Debug */,
				005DC3C926FB2F0700766CD3 /* Release */,
			);
			defaultConfigurationIsVisible = 0;
			defaultConfigurationName = Release;
		};
		005DC3CA26FB2F0700766CD3 /* Build configuration list for PBXNativeTarget "hamu" */ = {
			isa = XCConfigurationList;
			buildConfigurations = (
				005DC3CB26FB2F0700766CD3 /* Debug */,
				005DC3CC26FB2F0700766CD3 /* Release */,
			);
			defaultConfigurationIsVisible = 0;
			defaultConfigurationName = Release;
		};
/* End XCConfigurationList section */
	};
	rootObject = 005DC3B426FB2F0500766CD3 /* Project object */;
}
